<?xml version="1.0" encoding="UTF-8" standalone="yes" ?>
<CodeBlocks_project_file>
	<FileVersion major="1" minor="6" />
	<Project>
		<Option title="Super_Cars_Revival" />
		<Option pch_mode="2" />
		<Option compiler="gcc" />
		<Build>
			<Target title="Debug">
				<Option output="bin/Debug/Super_Cars_Revival" prefix_auto="1" extension_auto="1" />
				<Option object_output="obj/Debug/" />
				<Option type="1" />
				<Option compiler="gcc" />
				<Compiler>
					<Add option="-Wnon-virtual-dtor" />
					<Add option="-Wshadow" />
					<Add option="-Winit-self" />
					<Add option="-Wredundant-decls" />
					<Add option="-Wcast-align" />
					<Add option="-Wundef" />
					<Add option="-Wfloat-equal" />
					<Add option="-Winline" />
					<Add option="-Wunreachable-code" />
					<Add option="-Wmissing-declarations" />
					<Add option="-Wswitch-default" />
					<Add option="-Wmain" />
					<Add option="-pedantic-errors" />
					<Add option="-pedantic" />
					<Add option="-Wextra" />
					<Add option="-Wall" />
					<Add option="-g" />
					<Add option="-Wmissing-include-dirs" />
					<Add option="-Wzero-as-null-pointer-constant" />
					<Add option="-std=c++14" />
					<Add directory="C:/Program Files/SFML/SFML-2.6.0 gcc 13.1.0 32-bit/include" />
					<Add directory="C:/Users/Djarkan/Documents/C++/codeblocks/mylib" />
					<Add directory="C:/Users/Djarkan/Documents/C++/codeblocks/Super_Cars_Revival" />
				</Compiler>
				<Linker>
					<Add library="C:/Program Files/SFML/SFML-2.6.0 gcc 13.1.0 32-bit/lib/libsfml-network-d.a" />
					<Add library="C:/Program Files/SFML/SFML-2.6.0 gcc 13.1.0 32-bit/lib/libsfml-audio-d.a" />
					<Add library="C:/Program Files/SFML/SFML-2.6.0 gcc 13.1.0 32-bit/lib/libsfml-graphics-d.a" />
					<Add library="C:/Program Files/SFML/SFML-2.6.0 gcc 13.1.0 32-bit/lib/libsfml-window-d.a" />
					<Add library="C:/Program Files/SFML/SFML-2.6.0 gcc 13.1.0 32-bit/lib/libsfml-system-d.a" />
				</Linker>
			</Target>
			<Target title="Release">
				<Option output="bin/Release/Super_Cars_Revival" prefix_auto="1" extension_auto="1" />
				<Option object_output="obj/Release/" />
				<Option type="1" />
				<Option compiler="gcc" />
				<Compiler>
					<Add option="-O2" />
				</Compiler>
				<Linker>
					<Add option="-s" />
				</Linker>
			</Target>
		</Build>
		<Compiler>
			<Add option="-Wall" />
		</Compiler>
		<Unit filename="../mylib/assetcontainer/assetcontainer.hpp" />
		<Unit filename="../mylib/audioPlayer/audioPlayer.cpp" />
		<Unit filename="../mylib/audioPlayer/audioPlayer.hpp" />
		<Unit filename="../mylib/bitmap/animationPlayer/animationPlayer.cpp" />
		<Unit filename="../mylib/bitmap/animationPlayer/animationPlayer.hpp" />
		<Unit filename="../mylib/bitmap/simpleAnimation/animation.cpp" />
		<Unit filename="../mylib/bitmap/simpleAnimation/animation.hpp" />
		<Unit filename="../mylib/button/button/button.cpp" />
		<Unit filename="../mylib/button/button/button.hpp" />
		<Unit filename="../mylib/button/complexClickBox/complexClickBox.cpp" />
		<Unit filename="../mylib/button/complexClickBox/complexClickBox.hpp" />
		<Unit filename="../mylib/button/simpleClickBox/simpleClickBox.cpp" />
		<Unit filename="../mylib/button/simpleClickBox/simpleClickBox.hpp" />
		<Unit filename="../mylib/clickable/clickable.cpp" />
		<Unit filename="../mylib/clickable/clickable.hpp" />
		<Unit filename="../mylib/collisioner/collisioner.cpp" />
		<Unit filename="../mylib/collisioner/collisioner.hpp" />
		<Unit filename="../mylib/jsonfile/jsoncpp.cpp" />
		<Unit filename="../mylib/jsonfile/jsonfile.cpp" />
		<Unit filename="../mylib/jsonfile/jsonfile.hpp" />
		<Unit filename="../mylib/music/music.cpp" />
		<Unit filename="../mylib/music/music.hpp" />
		<Unit filename="../mylib/random/random.hpp" />
		<Unit filename="../mylib/text/bitmapfont/bitmapFont.cpp" />
		<Unit filename="../mylib/text/bitmapfont/bitmapFont.hpp" />
		<Unit filename="../mylib/text/bitmaptext/bitmapText.cpp" />
		<Unit filename="../mylib/text/bitmaptext/bitmapText.hpp" />
		<Unit filename="../mylib/timer/timer.cpp" />
		<Unit filename="../mylib/timer/timer.hpp" />
		<Unit filename="../mylib/triple/triple.hpp" />
		<Unit filename="header/assetkey.hpp" />
		<Unit filename="header/bottompanel.hpp" />
		<Unit filename="header/car.hpp" />
		<Unit filename="header/carTextureColorModifier.hpp" />
		<Unit filename="header/command.hpp" />
		<Unit filename="header/commandqueue.hpp" />
		<Unit filename="header/game.hpp" />
		<Unit filename="header/garage.hpp" />
		<Unit filename="header/inputs.hpp" />
		<Unit filename="header/intro.hpp" />
		<Unit filename="header/message.hpp" />
		<Unit filename="header/office.hpp" />
		<Unit filename="header/player.hpp" />
		<Unit filename="header/players.hpp" />
		<Unit filename="header/race.hpp" />
		<Unit filename="header/racebottompanel.hpp" />
		<Unit filename="header/track.hpp" />
		<Unit filename="header/trackRework.hpp" />
		<Unit filename="source/bottompanel.cpp" />
		<Unit filename="source/car.cpp" />
		<Unit filename="source/carTextureColorModifier.cpp" />
		<Unit filename="source/commandqueue.cpp" />
		<Unit filename="source/game.cpp" />
		<Unit filename="source/garage.cpp" />
		<Unit filename="source/inputs.cpp" />
		<Unit filename="source/intro.cpp" />
		<Unit filename="source/main.cpp" />
		<Unit filename="source/message.cpp" />
		<Unit filename="source/office.cpp" />
		<Unit filename="source/player.cpp" />
		<Unit filename="source/players.cpp" />
		<Unit filename="source/race.cpp" />
		<Unit filename="source/racebottompanel.cpp" />
		<Unit filename="source/track.cpp" />
		<Unit filename="source/trackRework.cpp" />
		<Extensions>
			<lib_finder disable_auto="1" />
		</Extensions>
	</Project>
</CodeBlocks_project_file>
